
Microsoft Visual Studio Solution File, Format Version 12.00
# Visual Studio 15
VisualStudioVersion = 15.0.28010.2019
MinimumVisualStudioVersion = 10.0.40219.1
Project("{FAE04EC0-301F-11D3-BF4B-00C04F79EFBC}") = "HotelAtr.Web", "HotelAtr.Web\HotelAtr.Web.csproj", "{753E3DBD-C08B-491C-8543-3E7B7E68D055}"
EndProject
Project("{FAE04EC0-301F-11D3-BF4B-00C04F79EFBC}") = "HotelAtr.DAL", "HotelAtr.DAL\HotelAtr.DAL.csproj", "{BF1E1C82-5997-4E9B-A054-957DBF8F74DF}"
EndProject
Project("{FAE04EC0-301F-11D3-BF4B-00C04F79EFBC}") = "HotelAtr.BAL", "HotelAtr.BAL\HotelAtr.BAL.csproj", "{84DBDD18-8E28-495D-BCC2-1706CF9DED22}"
EndProject
Global
	GlobalSection(SolutionConfigurationPlatforms) = preSolution
		Debug|Any CPU = Debug|Any CPU
		Release|Any CPU = Release|Any CPU
	EndGlobalSection
	GlobalSection(ProjectConfigurationPlatforms) = postSolution
		{753E3DBD-C08B-491C-8543-3E7B7E68D055}.Debug|Any CPU.ActiveCfg = Debug|Any CPU
		{753E3DBD-C08B-491C-8543-3E7B7E68D055}.Debug|Any CPU.Build.0 = Debug|Any CPU
		{753E3DBD-C08B-491C-8543-3E7B7E68D055}.Release|Any CPU.ActiveCfg = Release|Any CPU
		{753E3DBD-C08B-491C-8543-3E7B7E68D055}.Release|Any CPU.Build.0 = Release|Any CPU
		{BF1E1C82-5997-4E9B-A054-957DBF8F74DF}.Debug|Any CPU.ActiveCfg = Debug|Any CPU
		{BF1E1C82-5997-4E9B-A054-957DBF8F74DF}.Debug|Any CPU.Build.0 = Debug|Any CPU
		{BF1E1C82-5997-4E9B-A054-957DBF8F74DF}.Release|Any CPU.ActiveCfg = Release|Any CPU
		{BF1E1C82-5997-4E9B-A054-957DBF8F74DF}.Release|Any CPU.Build.0 = Release|Any CPU
		{84DBDD18-8E28-495D-BCC2-1706CF9DED22}.Debug|Any CPU.ActiveCfg = Debug|Any CPU
		{84DBDD18-8E28-495D-BCC2-1706CF9DED22}.Debug|Any CPU.Build.0 = Debug|Any CPU
		{84DBDD18-8E28-495D-BCC2-1706CF9DED22}.Release|Any CPU.ActiveCfg = Release|Any CPU
		{84DBDD18-8E28-495D-BCC2-1706CF9DED22}.Release|Any CPU.Build.0 = Release|Any CPU
	EndGlobalSection
	GlobalSection(SolutionProperties) = preSolution
		HideSolutionNode = FALSE
	EndGlobalSection
	GlobalSection(ExtensibilityGlobals) = postSolution
		SolutionGuid = {CBFF17AF-32E4-4312-BE94-5FD3DE5D710F}
	EndGlobalSection
EndGlobal
